
Microsoft Visual Studio Solution File, Format Version 12.00
# Visual Studio Version 16
VisualStudioVersion = 16.0.29411.108
MinimumVisualStudioVersion = 10.0.40219.1
Project("{8BC9CEB8-8B4A-11D0-8D11-00A0C91BC942}") = "Static_Analysis_Subsystem", "Static_Analysis_Subsystem\Static_Analysis_Subsystem.vcxproj", "{F0094C4C-C22D-4581-9522-EA1D41A7796C}"
EndProject
Global
	GlobalSection(SolutionConfigurationPlatforms) = preSolution
		Debug|x64 = Debug|x64
		Debug|x86 = Debug|x86
		Release|x64 = Release|x64
		Release|x86 = Release|x86
	EndGlobalSection
	GlobalSection(ProjectConfigurationPlatforms) = postSolution
		{F0094C4C-C22D-4581-9522-EA1D41A7796C}.Debug|x64.ActiveCfg = Debug|x64
		{F0094C4C-C22D-4581-9522-EA1D41A7796C}.Debug|x64.Build.0 = Debug|x64
		{F0094C4C-C22D-4581-9522-EA1D41A7796C}.Debug|x86.ActiveCfg = Debug|Win32
		{F0094C4C-C22D-4581-9522-EA1D41A7796C}.Debug|x86.Build.0 = Debug|Win32
		{F0094C4C-C22D-4581-9522-EA1D41A7796C}.Release|x64.ActiveCfg = Release|x64
		{F0094C4C-C22D-4581-9522-EA1D41A7796C}.Release|x64.Build.0 = Release|x64
		{F0094C4C-C22D-4581-9522-EA1D41A7796C}.Release|x86.ActiveCfg = Release|Win32
		{F0094C4C-C22D-4581-9522-EA1D41A7796C}.Release|x86.Build.0 = Release|Win32
	EndGlobalSection
	GlobalSection(SolutionProperties) = preSolution
		HideSolutionNode = FALSE
	EndGlobalSection
	GlobalSection(ExtensibilityGlobals) = postSolution
		SolutionGuid = {1A08EF52-2AC8-40A1-BC2C-1247235CAFD2}
	EndGlobalSection
EndGlobal
